// !$*UTF8*$!
{
	archiveVersion = 1;
	classes = {
	};
	objectVersion = 46;
	objects = {

/* Begin PBXBuildFile section */
		446CDBDA1D4B352F009EB769 /* main.m in Sources */ = {isa = PBXBuildFile; fileRef = 446CDBD91D4B352F009EB769 /* main.m */; };
		446CDBDD1D4B352F009EB769 /* AppDelegate.m in Sources */ = {isa = PBXBuildFile; fileRef = 446CDBDC1D4B352F009EB769 /* AppDelegate.m */; };
		446CDBE01D4B352F009EB769 /* ViewController.m in Sources */ = {isa = PBXBuildFile; fileRef = 446CDBDF1D4B352F009EB769 /* ViewController.m */; };
		446CDBE31D4B352F009EB769 /* Main.storyboard in Resources */ = {isa = PBXBuildFile; fileRef = 446CDBE11D4B352F009EB769 /* Main.storyboard */; };
		446CDBE51D4B352F009EB769 /* Assets.xcassets in Resources */ = {isa = PBXBuildFile; fileRef = 446CDBE41D4B352F009EB769 /* Assets.xcassets */; };
		446CDBE81D4B352F009EB769 /* LaunchScreen.storyboard in Resources */ = {isa = PBXBuildFile; fileRef = 446CDBE61D4B352F009EB769 /* LaunchScreen.storyboard */; };
		446CDBF31D4B352F009EB769 /* FDDanmakuDemoTests.m in Sources */ = {isa = PBXBuildFile; fileRef = 446CDBF21D4B352F009EB769 /* FDDanmakuDemoTests.m */; };
		446CDBFE1D4B352F009EB769 /* FDDanmakuDemoUITests.m in Sources */ = {isa = PBXBuildFile; fileRef = 446CDBFD1D4B352F009EB769 /* FDDanmakuDemoUITests.m */; };
		446CDC0E1D4B40C5009EB769 /* FDDanmakuViewController.m in Sources */ = {isa = PBXBuildFile; fileRef = 446CDC0D1D4B40C5009EB769 /* FDDanmakuViewController.m */; };
		446CDC0F1D4B40C5009EB769 /* FDDanmakuViewController.m in Sources */ = {isa = PBXBuildFile; fileRef = 446CDC0D1D4B40C5009EB769 /* FDDanmakuViewController.m */; };
		446CDC101D4B40C5009EB769 /* FDDanmakuViewController.m in Sources */ = {isa = PBXBuildFile; fileRef = 446CDC0D1D4B40C5009EB769 /* FDDanmakuViewController.m */; };
		446CDC131D4B411A009EB769 /* FDDanmakuUtility.m in Sources */ = {isa = PBXBuildFile; fileRef = 446CDC121D4B411A009EB769 /* FDDanmakuUtility.m */; };
		446CDC141D4B411A009EB769 /* FDDanmakuUtility.m in Sources */ = {isa = PBXBuildFile; fileRef = 446CDC121D4B411A009EB769 /* FDDanmakuUtility.m */; };
		446CDC151D4B411A009EB769 /* FDDanmakuUtility.m in Sources */ = {isa = PBXBuildFile; fileRef = 446CDC121D4B411A009EB769 /* FDDanmakuUtility.m */; };
		446CDC181D4B4488009EB769 /* FDDanmakuView.m in Sources */ = {isa = PBXBuildFile; fileRef = 446CDC171D4B4488009EB769 /* FDDanmakuView.m */; };
		446CDC191D4B4488009EB769 /* FDDanmakuView.m in Sources */ = {isa = PBXBuildFile; fileRef = 446CDC171D4B4488009EB769 /* FDDanmakuView.m */; };
		446CDC1A1D4B4488009EB769 /* FDDanmakuView.m in Sources */ = {isa = PBXBuildFile; fileRef = 446CDC171D4B4488009EB769 /* FDDanmakuView.m */; };
		446CDC1D1D4B4516009EB769 /* FDDanmakuModel.m in Sources */ = {isa = PBXBuildFile; fileRef = 446CDC1C1D4B4516009EB769 /* FDDanmakuModel.m */; };
		446CDC1E1D4B4516009EB769 /* FDDanmakuModel.m in Sources */ = {isa = PBXBuildFile; fileRef = 446CDC1C1D4B4516009EB769 /* FDDanmakuModel.m */; };
		446CDC1F1D4B4516009EB769 /* FDDanmakuModel.m in Sources */ = {isa = PBXBuildFile; fileRef = 446CDC1C1D4B4516009EB769 /* FDDanmakuModel.m */; };
		446CDC221D4B46AC009EB769 /* FDDanmakuONScreen.m in Sources */ = {isa = PBXBuildFile; fileRef = 446CDC211D4B46AC009EB769 /* FDDanmakuONScreen.m */; };
		446CDC231D4B46AC009EB769 /* FDDanmakuONScreen.m in Sources */ = {isa = PBXBuildFile; fileRef = 446CDC211D4B46AC009EB769 /* FDDanmakuONScreen.m */; };
		446CDC241D4B46AC009EB769 /* FDDanmakuONScreen.m in Sources */ = {isa = PBXBuildFile; fileRef = 446CDC211D4B46AC009EB769 /* FDDanmakuONScreen.m */; };
		446CDC271D4B46BF009EB769 /* FDDanmakuCache.m in Sources */ = {isa = PBXBuildFile; fileRef = 446CDC261D4B46BF009EB769 /* FDDanmakuCache.m */; };
		446CDC281D4B46BF009EB769 /* FDDanmakuCache.m in Sources */ = {isa = PBXBuildFile; fileRef = 446CDC261D4B46BF009EB769 /* FDDanmakuCache.m */; };
		446CDC291D4B46BF009EB769 /* FDDanmakuCache.m in Sources */ = {isa = PBXBuildFile; fileRef = 446CDC261D4B46BF009EB769 /* FDDanmakuCache.m */; };
/* End PBXBuildFile section */

/* Begin PBXContainerItemProxy section */
		446CDBEF1D4B352F009EB769 /* PBXContainerItemProxy */ = {
			isa = PBXContainerItemProxy;
			containerPortal = 446CDBCD1D4B352F009EB769 /* Project object */;
			proxyType = 1;
			remoteGlobalIDString = 446CDBD41D4B352F009EB769;
			remoteInfo = FDDanmakuDemo;
		};
		446CDBFA1D4B352F009EB769 /* PBXContainerItemProxy */ = {
			isa = PBXContainerItemProxy;
			containerPortal = 446CDBCD1D4B352F009EB769 /* Project object */;
			proxyType = 1;
			remoteGlobalIDString = 446CDBD41D4B352F009EB769;
			remoteInfo = FDDanmakuDemo;
		};
/* End PBXContainerItemProxy section */

/* Begin PBXFileReference section */
		446CDBD51D4B352F009EB769 /* FDDanmakuDemo.app */ = {isa = PBXFileReference; explicitFileType = wrapper.application; includeInIndex = 0; path = FDDanmakuDemo.app; sourceTree = BUILT_PRODUCTS_DIR; };
		446CDBD91D4B352F009EB769 /* main.m */ = {isa = PBXFileReference; lastKnownFileType = sourcecode.c.objc; path = main.m; sourceTree = "<group>"; };
		446CDBDB1D4B352F009EB769 /* AppDelegate.h */ = {isa = PBXFileReference; lastKnownFileType = sourcecode.c.h; path = AppDelegate.h; sourceTree = "<group>"; };
		446CDBDC1D4B352F009EB769 /* AppDelegate.m */ = {isa = PBXFileReference; lastKnownFileType = sourcecode.c.objc; path = AppDelegate.m; sourceTree = "<group>"; };
		446CDBDE1D4B352F009EB769 /* ViewController.h */ = {isa = PBXFileReference; lastKnownFileType = sourcecode.c.h; path = ViewController.h; sourceTree = "<group>"; };
		446CDBDF1D4B352F009EB769 /* ViewController.m */ = {isa = PBXFileReference; lastKnownFileType = sourcecode.c.objc; path = ViewController.m; sourceTree = "<group>"; };
		446CDBE21D4B352F009EB769 /* Base */ = {isa = PBXFileReference; lastKnownFileType = file.storyboard; name = Base; path = Base.lproj/Main.storyboard; sourceTree = "<group>"; };
		446CDBE41D4B352F009EB769 /* Assets.xcassets */ = {isa = PBXFileReference; lastKnownFileType = folder.assetcatalog; path = Assets.xcassets; sourceTree = "<group>"; };
		446CDBE71D4B352F009EB769 /* Base */ = {isa = PBXFileReference; lastKnownFileType = file.storyboard; name = Base; path = Base.lproj/LaunchScreen.storyboard; sourceTree = "<group>"; };
		446CDBE91D4B352F009EB769 /* Info.plist */ = {isa = PBXFileReference; lastKnownFileType = text.plist.xml; path = Info.plist; sourceTree = "<group>"; };
		446CDBEE1D4B352F009EB769 /* FDDanmakuDemoTests.xctest */ = {isa = PBXFileReference; explicitFileType = wrapper.cfbundle; includeInIndex = 0; path = FDDanmakuDemoTests.xctest; sourceTree = BUILT_PRODUCTS_DIR; };
		446CDBF21D4B352F009EB769 /* FDDanmakuDemoTests.m */ = {isa = PBXFileReference; lastKnownFileType = sourcecode.c.objc; path = FDDanmakuDemoTests.m; sourceTree = "<group>"; };
		446CDBF41D4B352F009EB769 /* Info.plist */ = {isa = PBXFileReference; lastKnownFileType = text.plist.xml; path = Info.plist; sourceTree = "<group>"; };
		446CDBF91D4B352F009EB769 /* FDDanmakuDemoUITests.xctest */ = {isa = PBXFileReference; explicitFileType = wrapper.cfbundle; includeInIndex = 0; path = FDDanmakuDemoUITests.xctest; sourceTree = BUILT_PRODUCTS_DIR; };
		446CDBFD1D4B352F009EB769 /* FDDanmakuDemoUITests.m */ = {isa = PBXFileReference; lastKnownFileType = sourcecode.c.objc; path = FDDanmakuDemoUITests.m; sourceTree = "<group>"; };
		446CDBFF1D4B352F009EB769 /* Info.plist */ = {isa = PBXFileReference; lastKnownFileType = text.plist.xml; path = Info.plist; sourceTree = "<group>"; };
		446CDC0C1D4B40C5009EB769 /* FDDanmakuViewController.h */ = {isa = PBXFileReference; fileEncoding = 4; lastKnownFileType = sourcecode.c.h; path = FDDanmakuViewController.h; sourceTree = "<group>"; };
		446CDC0D1D4B40C5009EB769 /* FDDanmakuViewController.m */ = {isa = PBXFileReference; fileEncoding = 4; lastKnownFileType = sourcecode.c.objc; path = FDDanmakuViewController.m; sourceTree = "<group>"; };
		446CDC111D4B411A009EB769 /* FDDanmakuUtility.h */ = {isa = PBXFileReference; fileEncoding = 4; lastKnownFileType = sourcecode.c.h; path = FDDanmakuUtility.h; sourceTree = "<group>"; };
		446CDC121D4B411A009EB769 /* FDDanmakuUtility.m */ = {isa = PBXFileReference; fileEncoding = 4; lastKnownFileType = sourcecode.c.objc; path = FDDanmakuUtility.m; sourceTree = "<group>"; };
		446CDC161D4B4488009EB769 /* FDDanmakuView.h */ = {isa = PBXFileReference; fileEncoding = 4; lastKnownFileType = sourcecode.c.h; path = FDDanmakuView.h; sourceTree = "<group>"; };
		446CDC171D4B4488009EB769 /* FDDanmakuView.m */ = {isa = PBXFileReference; fileEncoding = 4; lastKnownFileType = sourcecode.c.objc; path = FDDanmakuView.m; sourceTree = "<group>"; };
		446CDC1B1D4B4516009EB769 /* FDDanmakuModel.h */ = {isa = PBXFileReference; fileEncoding = 4; lastKnownFileType = sourcecode.c.h; path = FDDanmakuModel.h; sourceTree = "<group>"; };
		446CDC1C1D4B4516009EB769 /* FDDanmakuModel.m */ = {isa = PBXFileReference; fileEncoding = 4; lastKnownFileType = sourcecode.c.objc; path = FDDanmakuModel.m; sourceTree = "<group>"; };
		446CDC201D4B46AC009EB769 /* FDDanmakuONScreen.h */ = {isa = PBXFileReference; fileEncoding = 4; lastKnownFileType = sourcecode.c.h; path = FDDanmakuONScreen.h; sourceTree = "<group>"; };
		446CDC211D4B46AC009EB769 /* FDDanmakuONScreen.m */ = {isa = PBXFileReference; fileEncoding = 4; lastKnownFileType = sourcecode.c.objc; path = FDDanmakuONScreen.m; sourceTree = "<group>"; };
		446CDC251D4B46BF009EB769 /* FDDanmakuCache.h */ = {isa = PBXFileReference; fileEncoding = 4; lastKnownFileType = sourcecode.c.h; path = FDDanmakuCache.h; sourceTree = "<group>"; };
		446CDC261D4B46BF009EB769 /* FDDanmakuCache.m */ = {isa = PBXFileReference; fileEncoding = 4; lastKnownFileType = sourcecode.c.objc; path = FDDanmakuCache.m; sourceTree = "<group>"; };
/* End PBXFileReference section */

/* Begin PBXFrameworksBuildPhase section */
		446CDBD21D4B352F009EB769 /* Frameworks */ = {
			isa = PBXFrameworksBuildPhase;
			buildActionMask = 2147483647;
			files = (
			);
			runOnlyForDeploymentPostprocessing = 0;
		};
		446CDBEB1D4B352F009EB769 /* Frameworks */ = {
			isa = PBXFrameworksBuildPhase;
			buildActionMask = 2147483647;
			files = (
			);
			runOnlyForDeploymentPostprocessing = 0;
		};
		446CDBF61D4B352F009EB769 /* Frameworks */ = {
			isa = PBXFrameworksBuildPhase;
			buildActionMask = 2147483647;
			files = (
			);
			runOnlyForDeploymentPostprocessing = 0;
		};
/* End PBXFrameworksBuildPhase section */

/* Begin PBXGroup section */
		446CDBCC1D4B352F009EB769 = {
			isa = PBXGroup;
			children = (
				446CDBD71D4B352F009EB769 /* FDDanmakuDemo */,
				446CDBF11D4B352F009EB769 /* FDDanmakuDemoTests */,
				446CDBFC1D4B352F009EB769 /* FDDanmakuDemoUITests */,
				446CDBD61D4B352F009EB769 /* Products */,
			);
			sourceTree = "<group>";
		};
		446CDBD61D4B352F009EB769 /* Products */ = {
			isa = PBXGroup;
			children = (
				446CDBD51D4B352F009EB769 /* FDDanmakuDemo.app */,
				446CDBEE1D4B352F009EB769 /* FDDanmakuDemoTests.xctest */,
				446CDBF91D4B352F009EB769 /* FDDanmakuDemoUITests.xctest */,
			);
			name = Products;
			sourceTree = "<group>";
		};
		446CDBD71D4B352F009EB769 /* FDDanmakuDemo */ = {
			isa = PBXGroup;
			children = (
				446CDC0B1D4B359E009EB769 /* FDDanmaku */,
				446CDBDB1D4B352F009EB769 /* AppDelegate.h */,
				446CDBDC1D4B352F009EB769 /* AppDelegate.m */,
				446CDBDE1D4B352F009EB769 /* ViewController.h */,
				446CDBDF1D4B352F009EB769 /* ViewController.m */,
				446CDBE11D4B352F009EB769 /* Main.storyboard */,
				446CDBE41D4B352F009EB769 /* Assets.xcassets */,
				446CDBE61D4B352F009EB769 /* LaunchScreen.storyboard */,
				446CDBE91D4B352F009EB769 /* Info.plist */,
				446CDBD81D4B352F009EB769 /* Supporting Files */,
			);
			path = FDDanmakuDemo;
			sourceTree = "<group>";
		};
		446CDBD81D4B352F009EB769 /* Supporting Files */ = {
			isa = PBXGroup;
			children = (
				446CDBD91D4B352F009EB769 /* main.m */,
			);
			name = "Supporting Files";
			sourceTree = "<group>";
		};
		446CDBF11D4B352F009EB769 /* FDDanmakuDemoTests */ = {
			isa = PBXGroup;
			children = (
				446CDBF21D4B352F009EB769 /* FDDanmakuDemoTests.m */,
				446CDBF41D4B352F009EB769 /* Info.plist */,
			);
			path = FDDanmakuDemoTests;
			sourceTree = "<group>";
		};
		446CDBFC1D4B352F009EB769 /* FDDanmakuDemoUITests */ = {
			isa = PBXGroup;
			children = (
				446CDBFD1D4B352F009EB769 /* FDDanmakuDemoUITests.m */,
				446CDBFF1D4B352F009EB769 /* Info.plist */,
			);
			path = FDDanmakuDemoUITests;
			sourceTree = "<group>";
		};
		446CDC0B1D4B359E009EB769 /* FDDanmaku */ = {
			isa = PBXGroup;
			children = (
				446CDC111D4B411A009EB769 /* FDDanmakuUtility.h */,
				446CDC121D4B411A009EB769 /* FDDanmakuUtility.m */,
				446CDC251D4B46BF009EB769 /* FDDanmakuCache.h */,
				446CDC261D4B46BF009EB769 /* FDDanmakuCache.m */,
				446CDC1B1D4B4516009EB769 /* FDDanmakuModel.h */,
				446CDC1C1D4B4516009EB769 /* FDDanmakuModel.m */,
				446CDC161D4B4488009EB769 /* FDDanmakuView.h */,
				446CDC171D4B4488009EB769 /* FDDanmakuView.m */,
				446CDC0C1D4B40C5009EB769 /* FDDanmakuViewController.h */,
				446CDC0D1D4B40C5009EB769 /* FDDanmakuViewController.m */,
				446CDC201D4B46AC009EB769 /* FDDanmakuONScreen.h */,
				446CDC211D4B46AC009EB769 /* FDDanmakuONScreen.m */,
			);
			path = FDDanmaku;
			sourceTree = "<group>";
		};
/* End PBXGroup section */

/* Begin PBXNativeTarget section */
		446CDBD41D4B352F009EB769 /* FDDanmakuDemo */ = {
			isa = PBXNativeTarget;
			buildConfigurationList = 446CDC021D4B352F009EB769 /* Build configuration list for PBXNativeTarget "FDDanmakuDemo" */;
			buildPhases = (
				446CDBD11D4B352F009EB769 /* Sources */,
				446CDBD21D4B352F009EB769 /* Frameworks */,
				446CDBD31D4B352F009EB769 /* Resources */,
			);
			buildRules = (
			);
			dependencies = (
			);
			name = FDDanmakuDemo;
			productName = FDDanmakuDemo;
			productReference = 446CDBD51D4B352F009EB769 /* FDDanmakuDemo.app */;
			productType = "com.apple.product-type.application";
		};
		446CDBED1D4B352F009EB769 /* FDDanmakuDemoTests */ = {
			isa = PBXNativeTarget;
			buildConfigurationList = 446CDC051D4B352F009EB769 /* Build configuration list for PBXNativeTarget "FDDanmakuDemoTests" */;
			buildPhases = (
				446CDBEA1D4B352F009EB769 /* Sources */,
				446CDBEB1D4B352F009EB769 /* Frameworks */,
				446CDBEC1D4B352F009EB769 /* Resources */,
			);
			buildRules = (
			);
			dependencies = (
				446CDBF01D4B352F009EB769 /* PBXTargetDependency */,
			);
			name = FDDanmakuDemoTests;
			productName = FDDanmakuDemoTests;
			productReference = 446CDBEE1D4B352F009EB769 /* FDDanmakuDemoTests.xctest */;
			productType = "com.apple.product-type.bundle.unit-test";
		};
		446CDBF81D4B352F009EB769 /* FDDanmakuDemoUITests */ = {
			isa = PBXNativeTarget;
			buildConfigurationList = 446CDC081D4B352F009EB769 /* Build configuration list for PBXNativeTarget "FDDanmakuDemoUITests" */;
			buildPhases = (
				446CDBF51D4B352F009EB769 /* Sources */,
				446CDBF61D4B352F009EB769 /* Frameworks */,
				446CDBF71D4B352F009EB769 /* Resources */,
			);
			buildRules = (
			);
			dependencies = (
				446CDBFB1D4B352F009EB769 /* PBXTargetDependency */,
			);
			name = FDDanmakuDemoUITests;
			productName = FDDanmakuDemoUITests;
			productReference = 446CDBF91D4B352F009EB769 /* FDDanmakuDemoUITests.xctest */;
			productType = "com.apple.product-type.bundle.ui-testing";
		};
/* End PBXNativeTarget section */

/* Begin PBXProject section */
		446CDBCD1D4B352F009EB769 /* Project object */ = {
			isa = PBXProject;
			attributes = {
				LastUpgradeCheck = 0730;
				ORGANIZATIONNAME = chaowei;
				TargetAttributes = {
					446CDBD41D4B352F009EB769 = {
						CreatedOnToolsVersion = 7.3.1;
					};
					446CDBED1D4B352F009EB769 = {
						CreatedOnToolsVersion = 7.3.1;
						TestTargetID = 446CDBD41D4B352F009EB769;
					};
					446CDBF81D4B352F009EB769 = {
						CreatedOnToolsVersion = 7.3.1;
						TestTargetID = 446CDBD41D4B352F009EB769;
					};
				};
			};
			buildConfigurationList = 446CDBD01D4B352F009EB769 /* Build configuration list for PBXProject "FDDanmakuDemo" */;
			compatibilityVersion = "Xcode 3.2";
			developmentRegion = English;
			hasScannedForEncodings = 0;
			knownRegions = (
				en,
				Base,
			);
			mainGroup = 446CDBCC1D4B352F009EB769;
			productRefGroup = 446CDBD61D4B352F009EB769 /* Products */;
			projectDirPath = "";
			projectRoot = "";
			targets = (
				446CDBD41D4B352F009EB769 /* FDDanmakuDemo */,
				446CDBED1D4B352F009EB769 /* FDDanmakuDemoTests */,
				446CDBF81D4B352F009EB769 /* FDDanmakuDemoUITests */,
			);
		};
/* End PBXProject section */

/* Begin PBXResourcesBuildPhase section */
		446CDBD31D4B352F009EB769 /* Resources */ = {
			isa = PBXResourcesBuildPhase;
			buildActionMask = 2147483647;
			files = (
				446CDBE81D4B352F009EB769 /* LaunchScreen.storyboard in Resources */,
				446CDBE51D4B352F009EB769 /* Assets.xcassets in Resources */,
				446CDBE31D4B352F009EB769 /* Main.storyboard in Resources */,
			);
			runOnlyForDeploymentPostprocessing = 0;
		};
		446CDBEC1D4B352F009EB769 /* Resources */ = {
			isa = PBXResourcesBuildPhase;
			buildActionMask = 2147483647;
			files = (
			);
			runOnlyForDeploymentPostprocessing = 0;
		};
		446CDBF71D4B352F009EB769 /* Resources */ = {
			isa = PBXResourcesBuildPhase;
			buildActionMask = 2147483647;
			files = (
			);
			runOnlyForDeploymentPostprocessing = 0;
		};
/* End PBXResourcesBuildPhase section */

/* Begin PBXSourcesBuildPhase section */
		446CDBD11D4B352F009EB769 /* Sources */ = {
			isa = PBXSourcesBuildPhase;
			buildActionMask = 2147483647;
			files = (
				446CDC131D4B411A009EB769 /* FDDanmakuUtility.m in Sources */,
				446CDBE01D4B352F009EB769 /* ViewController.m in Sources */,
				446CDBDD1D4B352F009EB769 /* AppDelegate.m in Sources */,
				446CDC0E1D4B40C5009EB769 /* FDDanmakuViewController.m in Sources */,
				446CDC181D4B4488009EB769 /* FDDanmakuView.m in Sources */,
				446CDC271D4B46BF009EB769 /* FDDanmakuCache.m in Sources */,
				446CDC1D1D4B4516009EB769 /* FDDanmakuModel.m in Sources */,
				446CDC221D4B46AC009EB769 /* FDDanmakuONScreen.m in Sources */,
				446CDBDA1D4B352F009EB769 /* main.m in Sources */,
			);
			runOnlyForDeploymentPostprocessing = 0;
		};
		446CDBEA1D4B352F009EB769 /* Sources */ = {
			isa = PBXSourcesBuildPhase;
			buildActionMask = 2147483647;
			files = (
				446CDC191D4B4488009EB769 /* FDDanmakuView.m in Sources */,
				446CDC0F1D4B40C5009EB769 /* FDDanmakuViewController.m in Sources */,
				446CDC141D4B411A009EB769 /* FDDanmakuUtility.m in Sources */,
				446CDC1E1D4B4516009EB769 /* FDDanmakuModel.m in Sources */,
				446CDC281D4B46BF009EB769 /* FDDanmakuCache.m in Sources */,
				446CDC231D4B46AC009EB769 /* FDDanmakuONScreen.m in Sources */,
				446CDBF31D4B352F009EB769 /* FDDanmakuDemoTests.m in Sources */,
			);
			runOnlyForDeploymentPostprocessing = 0;
		};
		446CDBF51D4B352F009EB769 /* Sources */ = {
			isa = PBXSourcesBuildPhase;
			buildActionMask = 2147483647;
			files = (
				446CDC1A1D4B4488009EB769 /* FDDanmakuView.m in Sources */,
				446CDC101D4B40C5009EB769 /* FDDanmakuViewController.m in Sources */,
				446CDC151D4B411A009EB769 /* FDDanmakuUtility.m in Sources */,
				446CDC1F1D4B4516009EB769 /* FDDanmakuModel.m in Sources */,
				446CDC291D4B46BF009EB769 /* FDDanmakuCache.m in Sources */,
				446CDC241D4B46AC009EB769 /* FDDanmakuONScreen.m in Sources */,
				446CDBFE1D4B352F009EB769 /* FDDanmakuDemoUITests.m in Sources */,
			);
			runOnlyForDeploymentPostprocessing = 0;
		};
/* End PBXSourcesBuildPhase section */

/* Begin PBXTargetDependency section */
		446CDBF01D4B352F009EB769 /* PBXTargetDependency */ = {
			isa = PBXTargetDependency;
			target = 446CDBD41D4B352F009EB769 /* FDDanmakuDemo */;
			targetProxy = 446CDBEF1D4B352F009EB769 /* PBXContainerItemProxy */;
		};
		446CDBFB1D4B352F009EB769 /* PBXTargetDependency */ = {
			isa = PBXTargetDependency;
			target = 446CDBD41D4B352F009EB769 /* FDDanmakuDemo */;
			targetProxy = 446CDBFA1D4B352F009EB769 /* PBXContainerItemProxy */;
		};
/* End PBXTargetDependency section */

/* Begin PBXVariantGroup section */
		446CDBE11D4B352F009EB769 /* Main.storyboard */ = {
			isa = PBXVariantGroup;
			children = (
				446CDBE21D4B352F009EB769 /* Base */,
			);
			name = Main.storyboard;
			sourceTree = "<group>";
		};
		446CDBE61D4B352F009EB769 /* LaunchScreen.storyboard */ = {
			isa = PBXVariantGroup;
			children = (
				446CDBE71D4B352F009EB769 /* Base */,
			);
			name = LaunchScreen.storyboard;
			sourceTree = "<group>";
		};
/* End PBXVariantGroup section */

/* Begin XCBuildConfiguration section */
		446CDC001D4B352F009EB769 /* Debug */ = {
			isa = XCBuildConfiguration;
			buildSettings = {
				ALWAYS_SEARCH_USER_PATHS = NO;
				CLANG_ANALYZER_NONNULL = YES;
				CLANG_CXX_LANGUAGE_STANDARD = "gnu++0x";
				CLANG_CXX_LIBRARY = "libc++";
				CLANG_ENABLE_MODULES = YES;
				CLANG_ENABLE_OBJC_ARC = YES;
				CLANG_WARN_BOOL_CONVERSION = YES;
				CLANG_WARN_CONSTANT_CONVERSION = YES;
				CLANG_WARN_DIRECT_OBJC_ISA_USAGE = YES_ERROR;
				CLANG_WARN_EMPTY_BODY = YES;
				CLANG_WARN_ENUM_CONVERSION = YES;
				CLANG_WARN_INT_CONVERSION = YES;
				CLANG_WARN_OBJC_ROOT_CLASS = YES_ERROR;
				CLANG_WARN_UNREACHABLE_CODE = YES;
				CLANG_WARN__DUPLICATE_METHOD_MATCH = YES;
				"CODE_SIGN_IDENTITY[sdk=iphoneos*]" = "iPhone Developer";
				COPY_PHASE_STRIP = NO;
				DEBUG_INFORMATION_FORMAT = dwarf;
				ENABLE_STRICT_OBJC_MSGSEND = YES;
				ENABLE_TESTABILITY = YES;
				GCC_C_LANGUAGE_STANDARD = gnu99;
				GCC_DYNAMIC_NO_PIC = NO;
				GCC_NO_COMMON_BLOCKS = YES;
				GCC_OPTIMIZATION_LEVEL = 0;
				GCC_PREPROCESSOR_DEFINITIONS = (
					"DEBUG=1",
					"$(inherited)",
				);
				GCC_WARN_64_TO_32_BIT_CONVERSION = YES;
				GCC_WARN_ABOUT_RETURN_TYPE = YES_ERROR;
				GCC_WARN_UNDECLARED_SELECTOR = YES;
				GCC_WARN_UNINITIALIZED_AUTOS = YES_AGGRESSIVE;
				GCC_WARN_UNUSED_FUNCTION = YES;
				GCC_WARN_UNUSED_VARIABLE = YES;
				IPHONEOS_DEPLOYMENT_TARGET = 9.3;
				MTL_ENABLE_DEBUG_INFO = YES;
				ONLY_ACTIVE_ARCH = YES;
				SDKROOT = iphoneos;
				TARGETED_DEVICE_FAMILY = "1,2";
			};
			name = Debug;
		};
		446CDC011D4B352F009EB769 /* Release */ = {
			isa = XCBuildConfiguration;
			buildSettings = {
				ALWAYS_SEARCH_USER_PATHS = NO;
				CLANG_ANALYZER_NONNULL = YES;
				CLANG_CXX_LANGUAGE_STANDARD = "gnu++0x";
				CLANG_CXX_LIBRARY = "libc++";
				CLANG_ENABLE_MODULES = YES;
				CLANG_ENABLE_OBJC_ARC = YES;
				CLANG_WARN_BOOL_CONVERSION = YES;
				CLANG_WARN_CONSTANT_CONVERSION = YES;
				CLANG_WARN_DIRECT_OBJC_ISA_USAGE = YES_ERROR;
				CLANG_WARN_EMPTY_BODY = YES;
				CLANG_WARN_ENUM_CONVERSION = YES;
				CLANG_WARN_INT_CONVERSION = YES;
				CLANG_WARN_OBJC_ROOT_CLASS = YES_ERROR;
				CLANG_WARN_UNREACHABLE_CODE = YES;
				CLANG_WARN__DUPLICATE_METHOD_MATCH = YES;
				"CODE_SIGN_IDENTITY[sdk=iphoneos*]" = "iPhone Developer";
				COPY_PHASE_STRIP = NO;
				DEBUG_INFORMATION_FORMAT = "dwarf-with-dsym";
				ENABLE_NS_ASSERTIONS = NO;
				ENABLE_STRICT_OBJC_MSGSEND = YES;
				GCC_C_LANGUAGE_STANDARD = gnu99;
				GCC_NO_COMMON_BLOCKS = YES;
				GCC_WARN_64_TO_32_BIT_CONVERSION = YES;
				GCC_WARN_ABOUT_RETURN_TYPE = YES_ERROR;
				GCC_WARN_UNDECLARED_SELECTOR = YES;
				GCC_WARN_UNINITIALIZED_AUTOS = YES_AGGRESSIVE;
				GCC_WARN_UNUSED_FUNCTION = YES;
				GCC_WARN_UNUSED_VARIABLE = YES;
				IPHONEOS_DEPLOYMENT_TARGET = 9.3;
				MTL_ENABLE_DEBUG_INFO = NO;
				SDKROOT = iphoneos;
				TARGETED_DEVICE_FAMILY = "1,2";
				VALIDATE_PRODUCT = YES;
			};
			name = Release;
		};
		446CDC031D4B352F009EB769 /* Debug */ = {
			isa = XCBuildConfiguration;
			buildSettings = {
				ASSETCATALOG_COMPILER_APPICON_NAME = AppIcon;
				INFOPLIST_FILE = FDDanmakuDemo/Info.plist;
				LD_RUNPATH_SEARCH_PATHS = "$(inherited) @executable_path/Frameworks";
				PRODUCT_BUNDLE_IDENTIFIER = FG.FDDanmakuDemo;
				PRODUCT_NAME = "$(TARGET_NAME)";
			};
			name = Debug;
		};
		446CDC041D4B352F009EB769 /* Release */ = {
			isa = XCBuildConfiguration;
			buildSettings = {
				ASSETCATALOG_COMPILER_APPICON_NAME = AppIcon;
				INFOPLIST_FILE = FDDanmakuDemo/Info.plist;
				LD_RUNPATH_SEARCH_PATHS = "$(inherited) @executable_path/Frameworks";
				PRODUCT_BUNDLE_IDENTIFIER = FG.FDDanmakuDemo;
				PRODUCT_NAME = "$(TARGET_NAME)";
			};
			name = Release;
		};
		446CDC061D4B352F009EB769 /* Debug */ = {
			isa = XCBuildConfiguration;
			buildSettings = {
				BUNDLE_LOADER = "$(TEST_HOST)";
				INFOPLIST_FILE = FDDanmakuDemoTests/Info.plist;
				LD_RUNPATH_SEARCH_PATHS = "$(inherited) @executable_path/Frameworks @loader_path/Frameworks";
				PRODUCT_BUNDLE_IDENTIFIER = FG.FDDanmakuDemoTests;
				PRODUCT_NAME = "$(TARGET_NAME)";
				TEST_HOST = "$(BUILT_PRODUCTS_DIR)/FDDanmakuDemo.app/FDDanmakuDemo";
			};
			name = Debug;
		};
		446CDC071D4B352F009EB769 /* Release */ = {
			isa = XCBuildConfiguration;
			buildSettings = {
				BUNDLE_LOADER = "$(TEST_HOST)";
				INFOPLIST_FILE = FDDanmakuDemoTests/Info.plist;
				LD_RUNPATH_SEARCH_PATHS = "$(inherited) @executable_path/Frameworks @loader_path/Frameworks";
				PRODUCT_BUNDLE_IDENTIFIER = FG.FDDanmakuDemoTests;
				PRODUCT_NAME = "$(TARGET_NAME)";
				TEST_HOST = "$(BUILT_PRODUCTS_DIR)/FDDanmakuDemo.app/FDDanmakuDemo";
			};
			name = Release;
		};
		446CDC091D4B352F009EB769 /* Debug */ = {
			isa = XCBuildConfiguration;
			buildSettings = {
				INFOPLIST_FILE = FDDanmakuDemoUITests/Info.plist;
				LD_RUNPATH_SEARCH_PATHS = "$(inherited) @executable_path/Frameworks @loader_path/Frameworks";
				PRODUCT_BUNDLE_IDENTIFIER = FG.FDDanmakuDemoUITests;
				PRODUCT_NAME = "$(TARGET_NAME)";
				TEST_TARGET_NAME = FDDanmakuDemo;
			};
			name = Debug;
		};
		446CDC0A1D4B352F009EB769 /* Release */ = {
			isa = XCBuildConfiguration;
			buildSettings = {
				INFOPLIST_FILE = FDDanmakuDemoUITests/Info.plist;
				LD_RUNPATH_SEARCH_PATHS = "$(inherited) @executable_path/Frameworks @loader_path/Frameworks";
				PRODUCT_BUNDLE_IDENTIFIER = FG.FDDanmakuDemoUITests;
				PRODUCT_NAME = "$(TARGET_NAME)";
				TEST_TARGET_NAME = FDDanmakuDemo;
			};
			name = Release;
		};
/* End XCBuildConfiguration section */

/* Begin XCConfigurationList section */
		446CDBD01D4B352F009EB769 /* Build configuration list for PBXProject "FDDanmakuDemo" */ = {
			isa = XCConfigurationList;
			buildConfigurations = (
				446CDC001D4B352F009EB769 /* Debug */,
				446CDC011D4B352F009EB769 /* Release */,
			);
			defaultConfigurationIsVisible = 0;
			defaultConfigurationName = Release;
		};
		446CDC021D4B352F009EB769 /* Build configuration list for PBXNativeTarget "FDDanmakuDemo" */ = {
			isa = XCConfigurationList;
			buildConfigurations = (
				446CDC031D4B352F009EB769 /* Debug */,
				446CDC041D4B352F009EB769 /* Release */,
			);
			defaultConfigurationIsVisible = 0;
		};
		446CDC051D4B352F009EB769 /* Build configuration list for PBXNativeTarget "FDDanmakuDemoTests" */ = {
			isa = XCConfigurationList;
			buildConfigurations = (
				446CDC061D4B352F009EB769 /* Debug */,
				446CDC071D4B352F009EB769 /* Release */,
			);
			defaultConfigurationIsVisible = 0;
		};
		446CDC081D4B352F009EB769 /* Build configuration list for PBXNativeTarget "FDDanmakuDemoUITests" */ = {
			isa = XCConfigurationList;
			buildConfigurations = (
				446CDC091D4B352F009EB769 /* Debug */,
				446CDC0A1D4B352F009EB769 /* Release */,
			);
			defaultConfigurationIsVisible = 0;
		};
/* End XCConfigurationList section */
	};
	rootObject = 446CDBCD1D4B352F009EB769 /* Project object */;
}
